
Microsoft Visual Studio Solution File, Format Version 12.00
# Visual Studio Version 17
VisualStudioVersion = 17.0.31903.59
MinimumVisualStudioVersion = 10.0.40219.1
Project("{FAE04EC0-301F-11D3-BF4B-00C04F79EFBC}") = "ConferenceRoomBooking.DataAccess", "ConferenceRoomBooking.DataAccess\ConferenceRoomBooking.DataAccess.csproj", "{CFDAAAC2-B81D-4401-BA41-06928EC65650}"
EndProject
Project("{FAE04EC0-301F-11D3-BF4B-00C04F79EFBC}") = "ConferenceRoomBooking.Business", "ConferenceRoomBooking.Business\ConferenceRoomBooking.Business.csproj", "{5DFC1050-C55E-4629-9A55-15675123BB1C}"
EndProject
Project("{FAE04EC0-301F-11D3-BF4B-00C04F79EFBC}") = "ConferenceRoomBooking.API", "ConferenceRoomBooking.API\ConferenceRoomBooking.API.csproj", "{DC277A26-50F3-4F51-86C6-A214B81D19D4}"
EndProject
Global
	GlobalSection(SolutionConfigurationPlatforms) = preSolution
		Debug|Any CPU = Debug|Any CPU
		Debug|x64 = Debug|x64
		Debug|x86 = Debug|x86
		Release|Any CPU = Release|Any CPU
		Release|x64 = Release|x64
		Release|x86 = Release|x86
	EndGlobalSection
	GlobalSection(ProjectConfigurationPlatforms) = postSolution
		{CFDAAAC2-B81D-4401-BA41-06928EC65650}.Debug|Any CPU.ActiveCfg = Debug|Any CPU
		{CFDAAAC2-B81D-4401-BA41-06928EC65650}.Debug|Any CPU.Build.0 = Debug|Any CPU
		{CFDAAAC2-B81D-4401-BA41-06928EC65650}.Debug|x64.ActiveCfg = Debug|Any CPU
		{CFDAAAC2-B81D-4401-BA41-06928EC65650}.Debug|x64.Build.0 = Debug|Any CPU
		{CFDAAAC2-B81D-4401-BA41-06928EC65650}.Debug|x86.ActiveCfg = Debug|Any CPU
		{CFDAAAC2-B81D-4401-BA41-06928EC65650}.Debug|x86.Build.0 = Debug|Any CPU
		{CFDAAAC2-B81D-4401-BA41-06928EC65650}.Release|Any CPU.ActiveCfg = Release|Any CPU
		{CFDAAAC2-B81D-4401-BA41-06928EC65650}.Release|Any CPU.Build.0 = Release|Any CPU
		{CFDAAAC2-B81D-4401-BA41-06928EC65650}.Release|x64.ActiveCfg = Release|Any CPU
		{CFDAAAC2-B81D-4401-BA41-06928EC65650}.Release|x64.Build.0 = Release|Any CPU
		{CFDAAAC2-B81D-4401-BA41-06928EC65650}.Release|x86.ActiveCfg = Release|Any CPU
		{CFDAAAC2-B81D-4401-BA41-06928EC65650}.Release|x86.Build.0 = Release|Any CPU
		{5DFC1050-C55E-4629-9A55-15675123BB1C}.Debug|Any CPU.ActiveCfg = Debug|Any CPU
		{5DFC1050-C55E-4629-9A55-15675123BB1C}.Debug|Any CPU.Build.0 = Debug|Any CPU
		{5DFC1050-C55E-4629-9A55-15675123BB1C}.Debug|x64.ActiveCfg = Debug|Any CPU
		{5DFC1050-C55E-4629-9A55-15675123BB1C}.Debug|x64.Build.0 = Debug|Any CPU
		{5DFC1050-C55E-4629-9A55-15675123BB1C}.Debug|x86.ActiveCfg = Debug|Any CPU
		{5DFC1050-C55E-4629-9A55-15675123BB1C}.Debug|x86.Build.0 = Debug|Any CPU
		{5DFC1050-C55E-4629-9A55-15675123BB1C}.Release|Any CPU.ActiveCfg = Release|Any CPU
		{5DFC1050-C55E-4629-9A55-15675123BB1C}.Release|Any CPU.Build.0 = Release|Any CPU
		{5DFC1050-C55E-4629-9A55-15675123BB1C}.Release|x64.ActiveCfg = Release|Any CPU
		{5DFC1050-C55E-4629-9A55-15675123BB1C}.Release|x64.Build.0 = Release|Any CPU
		{5DFC1050-C55E-4629-9A55-15675123BB1C}.Release|x86.ActiveCfg = Release|Any CPU
		{5DFC1050-C55E-4629-9A55-15675123BB1C}.Release|x86.Build.0 = Release|Any CPU
		{DC277A26-50F3-4F51-86C6-A214B81D19D4}.Debug|Any CPU.ActiveCfg = Debug|Any CPU
		{DC277A26-50F3-4F51-86C6-A214B81D19D4}.Debug|Any CPU.Build.0 = Debug|Any CPU
		{DC277A26-50F3-4F51-86C6-A214B81D19D4}.Debug|x64.ActiveCfg = Debug|Any CPU
		{DC277A26-50F3-4F51-86C6-A214B81D19D4}.Debug|x64.Build.0 = Debug|Any CPU
		{DC277A26-50F3-4F51-86C6-A214B81D19D4}.Debug|x86.ActiveCfg = Debug|Any CPU
		{DC277A26-50F3-4F51-86C6-A214B81D19D4}.Debug|x86.Build.0 = Debug|Any CPU
		{DC277A26-50F3-4F51-86C6-A214B81D19D4}.Release|Any CPU.ActiveCfg = Release|Any CPU
		{DC277A26-50F3-4F51-86C6-A214B81D19D4}.Release|Any CPU.Build.0 = Release|Any CPU
		{DC277A26-50F3-4F51-86C6-A214B81D19D4}.Release|x64.ActiveCfg = Release|Any CPU
		{DC277A26-50F3-4F51-86C6-A214B81D19D4}.Release|x64.Build.0 = Release|Any CPU
		{DC277A26-50F3-4F51-86C6-A214B81D19D4}.Release|x86.ActiveCfg = Release|Any CPU
		{DC277A26-50F3-4F51-86C6-A214B81D19D4}.Release|x86.Build.0 = Release|Any CPU
	EndGlobalSection
	GlobalSection(SolutionProperties) = preSolution
		HideSolutionNode = FALSE
	EndGlobalSection
EndGlobal
